
Microsoft Visual Studio Solution File, Format Version 12.00
# Visual Studio Version 17
VisualStudioVersion = 17.1.32421.90
MinimumVisualStudioVersion = 10.0.40219.1
Project("{FAE04EC0-301F-11D3-BF4B-00C04F79EFBC}") = "RadiaTagineShop", "RadiaTagineShop\RadiaTagineShop.csproj", "{602DAE9B-DA97-4376-BBD0-F73322938CB5}"
EndProject
Global
	GlobalSection(SolutionConfigurationPlatforms) = preSolution
		Debug|Any CPU = Debug|Any CPU
		Release|Any CPU = Release|Any CPU
	EndGlobalSection
	GlobalSection(ProjectConfigurationPlatforms) = postSolution
		{602DAE9B-DA97-4376-BBD0-F73322938CB5}.Debug|Any CPU.ActiveCfg = Debug|Any CPU
		{602DAE9B-DA97-4376-BBD0-F73322938CB5}.Debug|Any CPU.Build.0 = Debug|Any CPU
		{602DAE9B-DA97-4376-BBD0-F73322938CB5}.Release|Any CPU.ActiveCfg = Release|Any CPU
		{602DAE9B-DA97-4376-BBD0-F73322938CB5}.Release|Any CPU.Build.0 = Release|Any CPU
	EndGlobalSection
	GlobalSection(SolutionProperties) = preSolution
		HideSolutionNode = FALSE
	EndGlobalSection
	GlobalSection(ExtensibilityGlobals) = postSolution
		SolutionGuid = {5FE763F2-72D3-4F2A-B3D3-43E154642B3D}
	EndGlobalSection
EndGlobal
